
Microsoft Visual Studio Solution File, Format Version 12.00
# Visual Studio Version 16
VisualStudioVersion = 25.0.1706.4
MinimumVisualStudioVersion = 10.0.40219.1
Project("{FAE04EC0-301F-11D3-BF4B-00C04F79EFBC}") = "Bp.Transaction.Service", "Bp.Transaction.Service.csproj", "{2DDA9928-F503-454F-9911-F31DDF64DA8E}"
EndProject
Global
	GlobalSection(SolutionConfigurationPlatforms) = preSolution
		Debug|Any CPU = Debug|Any CPU
		Release|Any CPU = Release|Any CPU
	EndGlobalSection
	GlobalSection(ProjectConfigurationPlatforms) = postSolution
		{2DDA9928-F503-454F-9911-F31DDF64DA8E}.Debug|Any CPU.ActiveCfg = Debug|Any CPU
		{2DDA9928-F503-454F-9911-F31DDF64DA8E}.Debug|Any CPU.Build.0 = Debug|Any CPU
		{2DDA9928-F503-454F-9911-F31DDF64DA8E}.Release|Any CPU.ActiveCfg = Release|Any CPU
		{2DDA9928-F503-454F-9911-F31DDF64DA8E}.Release|Any CPU.Build.0 = Release|Any CPU
	EndGlobalSection
	GlobalSection(SolutionProperties) = preSolution
		HideSolutionNode = FALSE
	EndGlobalSection
	GlobalSection(ExtensibilityGlobals) = postSolution
		SolutionGuid = {D943EA27-6BB5-4771-8E74-19D95EA2C33A}
	EndGlobalSection
EndGlobal
