
Microsoft Visual Studio Solution File, Format Version 12.00
# Visual Studio Version 16
VisualStudioVersion = 25.0.1706.4
MinimumVisualStudioVersion = 10.0.40219.1
Project("{FAE04EC0-301F-11D3-BF4B-00C04F79EFBC}") = "Bp.Client.Service", "Bp.Client.Service.csproj", "{3B2D1E8D-622F-459C-BD72-1A526E22143D}"
EndProject
Global
	GlobalSection(SolutionConfigurationPlatforms) = preSolution
		Debug|Any CPU = Debug|Any CPU
		Release|Any CPU = Release|Any CPU
	EndGlobalSection
	GlobalSection(ProjectConfigurationPlatforms) = postSolution
		{3B2D1E8D-622F-459C-BD72-1A526E22143D}.Debug|Any CPU.ActiveCfg = Debug|Any CPU
		{3B2D1E8D-622F-459C-BD72-1A526E22143D}.Debug|Any CPU.Build.0 = Debug|Any CPU
		{3B2D1E8D-622F-459C-BD72-1A526E22143D}.Release|Any CPU.ActiveCfg = Release|Any CPU
		{3B2D1E8D-622F-459C-BD72-1A526E22143D}.Release|Any CPU.Build.0 = Release|Any CPU
	EndGlobalSection
	GlobalSection(SolutionProperties) = preSolution
		HideSolutionNode = FALSE
	EndGlobalSection
	GlobalSection(ExtensibilityGlobals) = postSolution
		SolutionGuid = {F7244154-7756-423F-A241-E1139C4F62DC}
	EndGlobalSection
EndGlobal
